// !$*UTF8*$!
{
	archiveVersion = 1;
	classes = {
	};
	objectVersion = 56;
	objects = {

/* Begin PBXBuildFile section */
		A24142BF2BD99C360090AA2D /* ModelEmotions.xcdatamodeld in Sources */ = {isa = PBXBuildFile; fileRef = A24142BD2BD99C360090AA2D /* ModelEmotions.xcdatamodeld */; };
		A280AFF62BD554960013E0E7 /* FinalProjApp.swift in Sources */ = {isa = PBXBuildFile; fileRef = A280AFF52BD554960013E0E7 /* FinalProjApp.swift */; };
		A280AFFA2BD554980013E0E7 /* Assets.xcassets in Resources */ = {isa = PBXBuildFile; fileRef = A280AFF92BD554980013E0E7 /* Assets.xcassets */; };
		A280AFFD2BD554980013E0E7 /* Preview Assets.xcassets in Resources */ = {isa = PBXBuildFile; fileRef = A280AFFC2BD554980013E0E7 /* Preview Assets.xcassets */; };
		A280B0072BD554980013E0E7 /* FinalProjTests.swift in Sources */ = {isa = PBXBuildFile; fileRef = A280B0062BD554980013E0E7 /* FinalProjTests.swift */; };
		A280B0112BD554980013E0E7 /* FinalProjUITests.swift in Sources */ = {isa = PBXBuildFile; fileRef = A280B0102BD554980013E0E7 /* FinalProjUITests.swift */; };
		A280B0132BD554980013E0E7 /* FinalProjUITestsLaunchTests.swift in Sources */ = {isa = PBXBuildFile; fileRef = A280B0122BD554980013E0E7 /* FinalProjUITestsLaunchTests.swift */; };
		A280B0252BD56BE30013E0E7 /* Emotions.swift in Sources */ = {isa = PBXBuildFile; fileRef = A280B0242BD56BE30013E0E7 /* Emotions.swift */; };
		A2942FB62BD99662006DDEA2 /* DeepBreatheView.swift in Sources */ = {isa = PBXBuildFile; fileRef = A2942FB32BD99662006DDEA2 /* DeepBreatheView.swift */; };
		A2942FB72BD99662006DDEA2 /* ExerciseView.swift in Sources */ = {isa = PBXBuildFile; fileRef = A2942FB42BD99662006DDEA2 /* ExerciseView.swift */; };
		A2942FB92BD9967E006DDEA2 /* CountdownView.swift in Sources */ = {isa = PBXBuildFile; fileRef = A2942FB82BD9967E006DDEA2 /* CountdownView.swift */; };
		A2942FBB2BD996A8006DDEA2 /* ExerciseViewModel.swift in Sources */ = {isa = PBXBuildFile; fileRef = A2942FBA2BD996A8006DDEA2 /* ExerciseViewModel.swift */; };
		A2942FBD2BD996B6006DDEA2 /* Exercise.swift in Sources */ = {isa = PBXBuildFile; fileRef = A2942FBC2BD996B6006DDEA2 /* Exercise.swift */; };
		A2B008822BD9A28500DE17D8 /* EmotionScreener.swift in Sources */ = {isa = PBXBuildFile; fileRef = A2B008812BD9A28500DE17D8 /* EmotionScreener.swift */; };
		A2EFE3732BD96BD7008D3D16 /* EmotionViewModel.swift in Sources */ = {isa = PBXBuildFile; fileRef = A2EFE3722BD96BD7008D3D16 /* EmotionViewModel.swift */; };
		A2EFE3782BD970E7008D3D16 /* Home.swift in Sources */ = {isa = PBXBuildFile; fileRef = A2EFE3772BD970E7008D3D16 /* Home.swift */; };
/* End PBXBuildFile section */

/* Begin PBXContainerItemProxy section */
		A280B0032BD554980013E0E7 /* PBXContainerItemProxy */ = {
			isa = PBXContainerItemProxy;
			containerPortal = A280AFEA2BD554960013E0E7 /* Project object */;
			proxyType = 1;
			remoteGlobalIDString = A280AFF12BD554960013E0E7;
			remoteInfo = FinalProj;
		};
		A280B00D2BD554980013E0E7 /* PBXContainerItemProxy */ = {
			isa = PBXContainerItemProxy;
			containerPortal = A280AFEA2BD554960013E0E7 /* Project object */;
			proxyType = 1;
			remoteGlobalIDString = A280AFF12BD554960013E0E7;
			remoteInfo = FinalProj;
		};
/* End PBXContainerItemProxy section */

/* Begin PBXFileReference section */
		A24142BE2BD99C360090AA2D /* ModelEmotions.xcdatamodel */ = {isa = PBXFileReference; lastKnownFileType = wrapper.xcdatamodel; path = ModelEmotions.xcdatamodel; sourceTree = "<group>"; };
		A280AFF22BD554960013E0E7 /* FinalProj.app */ = {isa = PBXFileReference; explicitFileType = wrapper.application; includeInIndex = 0; path = FinalProj.app; sourceTree = BUILT_PRODUCTS_DIR; };
		A280AFF52BD554960013E0E7 /* FinalProjApp.swift */ = {isa = PBXFileReference; lastKnownFileType = sourcecode.swift; path = FinalProjApp.swift; sourceTree = "<group>"; };
		A280AFF92BD554980013E0E7 /* Assets.xcassets */ = {isa = PBXFileReference; lastKnownFileType = folder.assetcatalog; path = Assets.xcassets; sourceTree = "<group>"; };
		A280AFFC2BD554980013E0E7 /* Preview Assets.xcassets */ = {isa = PBXFileReference; lastKnownFileType = folder.assetcatalog; path = "Preview Assets.xcassets"; sourceTree = "<group>"; };
		A280B0022BD554980013E0E7 /* FinalProjTests.xctest */ = {isa = PBXFileReference; explicitFileType = wrapper.cfbundle; includeInIndex = 0; path = FinalProjTests.xctest; sourceTree = BUILT_PRODUCTS_DIR; };
		A280B0062BD554980013E0E7 /* FinalProjTests.swift */ = {isa = PBXFileReference; lastKnownFileType = sourcecode.swift; path = FinalProjTests.swift; sourceTree = "<group>"; };
		A280B00C2BD554980013E0E7 /* FinalProjUITests.xctest */ = {isa = PBXFileReference; explicitFileType = wrapper.cfbundle; includeInIndex = 0; path = FinalProjUITests.xctest; sourceTree = BUILT_PRODUCTS_DIR; };
		A280B0102BD554980013E0E7 /* FinalProjUITests.swift */ = {isa = PBXFileReference; lastKnownFileType = sourcecode.swift; path = FinalProjUITests.swift; sourceTree = "<group>"; };
		A280B0122BD554980013E0E7 /* FinalProjUITestsLaunchTests.swift */ = {isa = PBXFileReference; lastKnownFileType = sourcecode.swift; path = FinalProjUITestsLaunchTests.swift; sourceTree = "<group>"; };
		A280B0242BD56BE30013E0E7 /* Emotions.swift */ = {isa = PBXFileReference; lastKnownFileType = sourcecode.swift; path = Emotions.swift; sourceTree = "<group>"; };
		A2942FB32BD99662006DDEA2 /* DeepBreatheView.swift */ = {isa = PBXFileReference; fileEncoding = 4; lastKnownFileType = sourcecode.swift; name = DeepBreatheView.swift; path = ../../../../Downloads/FinalProj/FinalProj/Views/DeepBreatheView.swift; sourceTree = "<group>"; };
		A2942FB42BD99662006DDEA2 /* ExerciseView.swift */ = {isa = PBXFileReference; fileEncoding = 4; lastKnownFileType = sourcecode.swift; name = ExerciseView.swift; path = ../../../../Downloads/FinalProj/FinalProj/Views/ExerciseView.swift; sourceTree = "<group>"; };
		A2942FB82BD9967E006DDEA2 /* CountdownView.swift */ = {isa = PBXFileReference; fileEncoding = 4; lastKnownFileType = sourcecode.swift; name = CountdownView.swift; path = ../../../../Downloads/FinalProj/FinalProj/Views/CountdownView.swift; sourceTree = "<group>"; };
		A2942FBA2BD996A8006DDEA2 /* ExerciseViewModel.swift */ = {isa = PBXFileReference; fileEncoding = 4; lastKnownFileType = sourcecode.swift; name = ExerciseViewModel.swift; path = ../../../../Downloads/FinalProj/FinalProj/ViewModels/ExerciseViewModel.swift; sourceTree = "<group>"; };
		A2942FBC2BD996B6006DDEA2 /* Exercise.swift */ = {isa = PBXFileReference; fileEncoding = 4; lastKnownFileType = sourcecode.swift; name = Exercise.swift; path = ../../../../Downloads/FinalProj/FinalProj/Models/Exercise.swift; sourceTree = "<group>"; };
		A2B008812BD9A28500DE17D8 /* EmotionScreener.swift */ = {isa = PBXFileReference; lastKnownFileType = sourcecode.swift; path = EmotionScreener.swift; sourceTree = "<group>"; };
		A2EFE3722BD96BD7008D3D16 /* EmotionViewModel.swift */ = {isa = PBXFileReference; lastKnownFileType = sourcecode.swift; path = EmotionViewModel.swift; sourceTree = "<group>"; };
		A2EFE3772BD970E7008D3D16 /* Home.swift */ = {isa = PBXFileReference; lastKnownFileType = sourcecode.swift; path = Home.swift; sourceTree = "<group>"; };
/* End PBXFileReference section */

/* Begin PBXFrameworksBuildPhase section */
		A280AFEF2BD554960013E0E7 /* Frameworks */ = {
			isa = PBXFrameworksBuildPhase;
			buildActionMask = 2147483647;
			files = (
			);
			runOnlyForDeploymentPostprocessing = 0;
		};
		A280AFFF2BD554980013E0E7 /* Frameworks */ = {
			isa = PBXFrameworksBuildPhase;
			buildActionMask = 2147483647;
			files = (
			);
			runOnlyForDeploymentPostprocessing = 0;
		};
		A280B0092BD554980013E0E7 /* Frameworks */ = {
			isa = PBXFrameworksBuildPhase;
			buildActionMask = 2147483647;
			files = (
			);
			runOnlyForDeploymentPostprocessing = 0;
		};
/* End PBXFrameworksBuildPhase section */

/* Begin PBXGroup section */
		A280AFE92BD554960013E0E7 = {
			isa = PBXGroup;
			children = (
				A280AFF42BD554960013E0E7 /* FinalProj */,
				A280B0052BD554980013E0E7 /* FinalProjTests */,
				A280B00F2BD554980013E0E7 /* FinalProjUITests */,
				A280AFF32BD554960013E0E7 /* Products */,
			);
			sourceTree = "<group>";
		};
		A280AFF32BD554960013E0E7 /* Products */ = {
			isa = PBXGroup;
			children = (
				A280AFF22BD554960013E0E7 /* FinalProj.app */,
				A280B0022BD554980013E0E7 /* FinalProjTests.xctest */,
				A280B00C2BD554980013E0E7 /* FinalProjUITests.xctest */,
			);
			name = Products;
			sourceTree = "<group>";
		};
		A280AFF42BD554960013E0E7 /* FinalProj */ = {
			isa = PBXGroup;
			children = (
				A280B0212BD565B20013E0E7 /* Views */,
				A280B0202BD5654B0013E0E7 /* ViewModels */,
				A280B01F2BD565400013E0E7 /* Models */,
				A280AFF52BD554960013E0E7 /* FinalProjApp.swift */,
				A280AFF92BD554980013E0E7 /* Assets.xcassets */,
				A280AFFB2BD554980013E0E7 /* Preview Content */,
			);
			path = FinalProj;
			sourceTree = "<group>";
		};
		A280AFFB2BD554980013E0E7 /* Preview Content */ = {
			isa = PBXGroup;
			children = (
				A280AFFC2BD554980013E0E7 /* Preview Assets.xcassets */,
			);
			path = "Preview Content";
			sourceTree = "<group>";
		};
		A280B0052BD554980013E0E7 /* FinalProjTests */ = {
			isa = PBXGroup;
			children = (
				A280B0062BD554980013E0E7 /* FinalProjTests.swift */,
			);
			path = FinalProjTests;
			sourceTree = "<group>";
		};
		A280B00F2BD554980013E0E7 /* FinalProjUITests */ = {
			isa = PBXGroup;
			children = (
				A280B0102BD554980013E0E7 /* FinalProjUITests.swift */,
				A280B0122BD554980013E0E7 /* FinalProjUITestsLaunchTests.swift */,
			);
			path = FinalProjUITests;
			sourceTree = "<group>";
		};
		A280B01F2BD565400013E0E7 /* Models */ = {
			isa = PBXGroup;
			children = (
				A280B0242BD56BE30013E0E7 /* Emotions.swift */,
				A2942FBC2BD996B6006DDEA2 /* Exercise.swift */,
			);
			path = Models;
			sourceTree = "<group>";
		};
		A280B0202BD5654B0013E0E7 /* ViewModels */ = {
			isa = PBXGroup;
			children = (
				A2942FBA2BD996A8006DDEA2 /* ExerciseViewModel.swift */,
				A2EFE3722BD96BD7008D3D16 /* EmotionViewModel.swift */,
				A24142BD2BD99C360090AA2D /* ModelEmotions.xcdatamodeld */,
			);
			path = ViewModels;
			sourceTree = "<group>";
		};
		A280B0212BD565B20013E0E7 /* Views */ = {
			isa = PBXGroup;
			children = (
				A2942FB32BD99662006DDEA2 /* DeepBreatheView.swift */,
				A2B008812BD9A28500DE17D8 /* EmotionScreener.swift */,
				A2942FB82BD9967E006DDEA2 /* CountdownView.swift */,
				A2942FB42BD99662006DDEA2 /* ExerciseView.swift */,
				A2EFE3772BD970E7008D3D16 /* Home.swift */,
			);
			path = Views;
			sourceTree = "<group>";
		};
/* End PBXGroup section */

/* Begin PBXNativeTarget section */
		A280AFF12BD554960013E0E7 /* FinalProj */ = {
			isa = PBXNativeTarget;
			buildConfigurationList = A280B0162BD554980013E0E7 /* Build configuration list for PBXNativeTarget "FinalProj" */;
			buildPhases = (
				A280AFEE2BD554960013E0E7 /* Sources */,
				A280AFEF2BD554960013E0E7 /* Frameworks */,
				A280AFF02BD554960013E0E7 /* Resources */,
			);
			buildRules = (
			);
			dependencies = (
			);
			name = FinalProj;
			productName = FinalProj;
			productReference = A280AFF22BD554960013E0E7 /* FinalProj.app */;
			productType = "com.apple.product-type.application";
		};
		A280B0012BD554980013E0E7 /* FinalProjTests */ = {
			isa = PBXNativeTarget;
			buildConfigurationList = A280B0192BD554980013E0E7 /* Build configuration list for PBXNativeTarget "FinalProjTests" */;
			buildPhases = (
				A280AFFE2BD554980013E0E7 /* Sources */,
				A280AFFF2BD554980013E0E7 /* Frameworks */,
				A280B0002BD554980013E0E7 /* Resources */,
			);
			buildRules = (
			);
			dependencies = (
				A280B0042BD554980013E0E7 /* PBXTargetDependency */,
			);
			name = FinalProjTests;
			productName = FinalProjTests;
			productReference = A280B0022BD554980013E0E7 /* FinalProjTests.xctest */;
			productType = "com.apple.product-type.bundle.unit-test";
		};
		A280B00B2BD554980013E0E7 /* FinalProjUITests */ = {
			isa = PBXNativeTarget;
			buildConfigurationList = A280B01C2BD554980013E0E7 /* Build configuration list for PBXNativeTarget "FinalProjUITests" */;
			buildPhases = (
				A280B0082BD554980013E0E7 /* Sources */,
				A280B0092BD554980013E0E7 /* Frameworks */,
				A280B00A2BD554980013E0E7 /* Resources */,
			);
			buildRules = (
			);
			dependencies = (
				A280B00E2BD554980013E0E7 /* PBXTargetDependency */,
			);
			name = FinalProjUITests;
			productName = FinalProjUITests;
			productReference = A280B00C2BD554980013E0E7 /* FinalProjUITests.xctest */;
			productType = "com.apple.product-type.bundle.ui-testing";
		};
/* End PBXNativeTarget section */

/* Begin PBXProject section */
		A280AFEA2BD554960013E0E7 /* Project object */ = {
			isa = PBXProject;
			attributes = {
				BuildIndependentTargetsInParallel = 1;
				LastSwiftUpdateCheck = 1520;
				LastUpgradeCheck = 1520;
				TargetAttributes = {
					A280AFF12BD554960013E0E7 = {
						CreatedOnToolsVersion = 15.2;
					};
					A280B0012BD554980013E0E7 = {
						CreatedOnToolsVersion = 15.2;
						TestTargetID = A280AFF12BD554960013E0E7;
					};
					A280B00B2BD554980013E0E7 = {
						CreatedOnToolsVersion = 15.2;
						TestTargetID = A280AFF12BD554960013E0E7;
					};
				};
			};
			buildConfigurationList = A280AFED2BD554960013E0E7 /* Build configuration list for PBXProject "FinalProj" */;
			compatibilityVersion = "Xcode 14.0";
			developmentRegion = en;
			hasScannedForEncodings = 0;
			knownRegions = (
				en,
				Base,
			);
			mainGroup = A280AFE92BD554960013E0E7;
			productRefGroup = A280AFF32BD554960013E0E7 /* Products */;
			projectDirPath = "";
			projectRoot = "";
			targets = (
				A280AFF12BD554960013E0E7 /* FinalProj */,
				A280B0012BD554980013E0E7 /* FinalProjTests */,
				A280B00B2BD554980013E0E7 /* FinalProjUITests */,
			);
		};
/* End PBXProject section */

/* Begin PBXResourcesBuildPhase section */
		A280AFF02BD554960013E0E7 /* Resources */ = {
			isa = PBXResourcesBuildPhase;
			buildActionMask = 2147483647;
			files = (
				A280AFFD2BD554980013E0E7 /* Preview Assets.xcassets in Resources */,
				A280AFFA2BD554980013E0E7 /* Assets.xcassets in Resources */,
			);
			runOnlyForDeploymentPostprocessing = 0;
		};
		A280B0002BD554980013E0E7 /* Resources */ = {
			isa = PBXResourcesBuildPhase;
			buildActionMask = 2147483647;
			files = (
			);
			runOnlyForDeploymentPostprocessing = 0;
		};
		A280B00A2BD554980013E0E7 /* Resources */ = {
			isa = PBXResourcesBuildPhase;
			buildActionMask = 2147483647;
			files = (
			);
			runOnlyForDeploymentPostprocessing = 0;
		};
/* End PBXResourcesBuildPhase section */

/* Begin PBXSourcesBuildPhase section */
		A280AFEE2BD554960013E0E7 /* Sources */ = {
			isa = PBXSourcesBuildPhase;
			buildActionMask = 2147483647;
			files = (
				A2EFE3732BD96BD7008D3D16 /* EmotionViewModel.swift in Sources */,
				A2B008822BD9A28500DE17D8 /* EmotionScreener.swift in Sources */,
				A2EFE3782BD970E7008D3D16 /* Home.swift in Sources */,
				A24142BF2BD99C360090AA2D /* ModelEmotions.xcdatamodeld in Sources */,
				A280AFF62BD554960013E0E7 /* FinalProjApp.swift in Sources */,
				A2942FB92BD9967E006DDEA2 /* CountdownView.swift in Sources */,
				A2942FBD2BD996B6006DDEA2 /* Exercise.swift in Sources */,
				A2942FBB2BD996A8006DDEA2 /* ExerciseViewModel.swift in Sources */,
				A280B0252BD56BE30013E0E7 /* Emotions.swift in Sources */,
				A2942FB72BD99662006DDEA2 /* ExerciseView.swift in Sources */,
				A2942FB62BD99662006DDEA2 /* DeepBreatheView.swift in Sources */,
			);
			runOnlyForDeploymentPostprocessing = 0;
		};
		A280AFFE2BD554980013E0E7 /* Sources */ = {
			isa = PBXSourcesBuildPhase;
			buildActionMask = 2147483647;
			files = (
				A280B0072BD554980013E0E7 /* FinalProjTests.swift in Sources */,
			);
			runOnlyForDeploymentPostprocessing = 0;
		};
		A280B0082BD554980013E0E7 /* Sources */ = {
			isa = PBXSourcesBuildPhase;
			buildActionMask = 2147483647;
			files = (
				A280B0132BD554980013E0E7 /* FinalProjUITestsLaunchTests.swift in Sources */,
				A280B0112BD554980013E0E7 /* FinalProjUITests.swift in Sources */,
			);
			runOnlyForDeploymentPostprocessing = 0;
		};
/* End PBXSourcesBuildPhase section */

/* Begin PBXTargetDependency section */
		A280B0042BD554980013E0E7 /* PBXTargetDependency */ = {
			isa = PBXTargetDependency;
			target = A280AFF12BD554960013E0E7 /* FinalProj */;
			targetProxy = A280B0032BD554980013E0E7 /* PBXContainerItemProxy */;
		};
		A280B00E2BD554980013E0E7 /* PBXTargetDependency */ = {
			isa = PBXTargetDependency;
			target = A280AFF12BD554960013E0E7 /* FinalProj */;
			targetProxy = A280B00D2BD554980013E0E7 /* PBXContainerItemProxy */;
		};
/* End PBXTargetDependency section */

/* Begin XCBuildConfiguration section */
		A280B0142BD554980013E0E7 /* Debug */ = {
			isa = XCBuildConfiguration;
			buildSettings = {
				ALWAYS_SEARCH_USER_PATHS = NO;
				ASSETCATALOG_COMPILER_GENERATE_SWIFT_ASSET_SYMBOL_EXTENSIONS = YES;
				CLANG_ANALYZER_NONNULL = YES;
				CLANG_ANALYZER_NUMBER_OBJECT_CONVERSION = YES_AGGRESSIVE;
				CLANG_CXX_LANGUAGE_STANDARD = "gnu++20";
				CLANG_ENABLE_MODULES = YES;
				CLANG_ENABLE_OBJC_ARC = YES;
				CLANG_ENABLE_OBJC_WEAK = YES;
				CLANG_WARN_BLOCK_CAPTURE_AUTORELEASING = YES;
				CLANG_WARN_BOOL_CONVERSION = YES;
				CLANG_WARN_COMMA = YES;
				CLANG_WARN_CONSTANT_CONVERSION = YES;
				CLANG_WARN_DEPRECATED_OBJC_IMPLEMENTATIONS = YES;
				CLANG_WARN_DIRECT_OBJC_ISA_USAGE = YES_ERROR;
				CLANG_WARN_DOCUMENTATION_COMMENTS = YES;
				CLANG_WARN_EMPTY_BODY = YES;
				CLANG_WARN_ENUM_CONVERSION = YES;
				CLANG_WARN_INFINITE_RECURSION = YES;
				CLANG_WARN_INT_CONVERSION = YES;
				CLANG_WARN_NON_LITERAL_NULL_CONVERSION = YES;
				CLANG_WARN_OBJC_IMPLICIT_RETAIN_SELF = YES;
				CLANG_WARN_OBJC_LITERAL_CONVERSION = YES;
				CLANG_WARN_OBJC_ROOT_CLASS = YES_ERROR;
				CLANG_WARN_QUOTED_INCLUDE_IN_FRAMEWORK_HEADER = YES;
				CLANG_WARN_RANGE_LOOP_ANALYSIS = YES;
				CLANG_WARN_STRICT_PROTOTYPES = YES;
				CLANG_WARN_SUSPICIOUS_MOVE = YES;
				CLANG_WARN_UNGUARDED_AVAILABILITY = YES_AGGRESSIVE;
				CLANG_WARN_UNREACHABLE_CODE = YES;
				CLANG_WARN__DUPLICATE_METHOD_MATCH = YES;
				COPY_PHASE_STRIP = NO;
				DEBUG_INFORMATION_FORMAT = dwarf;
				ENABLE_STRICT_OBJC_MSGSEND = YES;
				ENABLE_TESTABILITY = YES;
				ENABLE_USER_SCRIPT_SANDBOXING = YES;
				GCC_C_LANGUAGE_STANDARD = gnu17;
				GCC_DYNAMIC_NO_PIC = NO;
				GCC_NO_COMMON_BLOCKS = YES;
				GCC_OPTIMIZATION_LEVEL = 0;
				GCC_PREPROCESSOR_DEFINITIONS = (
					"DEBUG=1",
					"$(inherited)",
				);
				GCC_WARN_64_TO_32_BIT_CONVERSION = YES;
				GCC_WARN_ABOUT_RETURN_TYPE = YES_ERROR;
				GCC_WARN_UNDECLARED_SELECTOR = YES;
				GCC_WARN_UNINITIALIZED_AUTOS = YES_AGGRESSIVE;
				GCC_WARN_UNUSED_FUNCTION = YES;
				GCC_WARN_UNUSED_VARIABLE = YES;
				IPHONEOS_DEPLOYMENT_TARGET = 17.2;
				LOCALIZATION_PREFERS_STRING_CATALOGS = YES;
				MTL_ENABLE_DEBUG_INFO = INCLUDE_SOURCE;
				MTL_FAST_MATH = YES;
				ONLY_ACTIVE_ARCH = YES;
				SDKROOT = iphoneos;
				SWIFT_ACTIVE_COMPILATION_CONDITIONS = "DEBUG $(inherited)";
				SWIFT_OPTIMIZATION_LEVEL = "-Onone";
			};
			name = Debug;
		};
		A280B0152BD554980013E0E7 /* Release */ = {
			isa = XCBuildConfiguration;
			buildSettings = {
				ALWAYS_SEARCH_USER_PATHS = NO;
				ASSETCATALOG_COMPILER_GENERATE_SWIFT_ASSET_SYMBOL_EXTENSIONS = YES;
				CLANG_ANALYZER_NONNULL = YES;
				CLANG_ANALYZER_NUMBER_OBJECT_CONVERSION = YES_AGGRESSIVE;
				CLANG_CXX_LANGUAGE_STANDARD = "gnu++20";
				CLANG_ENABLE_MODULES = YES;
				CLANG_ENABLE_OBJC_ARC = YES;
				CLANG_ENABLE_OBJC_WEAK = YES;
				CLANG_WARN_BLOCK_CAPTURE_AUTORELEASING = YES;
				CLANG_WARN_BOOL_CONVERSION = YES;
				CLANG_WARN_COMMA = YES;
				CLANG_WARN_CONSTANT_CONVERSION = YES;
				CLANG_WARN_DEPRECATED_OBJC_IMPLEMENTATIONS = YES;
				CLANG_WARN_DIRECT_OBJC_ISA_USAGE = YES_ERROR;
				CLANG_WARN_DOCUMENTATION_COMMENTS = YES;
				CLANG_WARN_EMPTY_BODY = YES;
				CLANG_WARN_ENUM_CONVERSION = YES;
				CLANG_WARN_INFINITE_RECURSION = YES;
				CLANG_WARN_INT_CONVERSION = YES;
				CLANG_WARN_NON_LITERAL_NULL_CONVERSION = YES;
				CLANG_WARN_OBJC_IMPLICIT_RETAIN_SELF = YES;
				CLANG_WARN_OBJC_LITERAL_CONVERSION = YES;
				CLANG_WARN_OBJC_ROOT_CLASS = YES_ERROR;
				CLANG_WARN_QUOTED_INCLUDE_IN_FRAMEWORK_HEADER = YES;
				CLANG_WARN_RANGE_LOOP_ANALYSIS = YES;
				CLANG_WARN_STRICT_PROTOTYPES = YES;
				CLANG_WARN_SUSPICIOUS_MOVE = YES;
				CLANG_WARN_UNGUARDED_AVAILABILITY = YES_AGGRESSIVE;
				CLANG_WARN_UNREACHABLE_CODE = YES;
				CLANG_WARN__DUPLICATE_METHOD_MATCH = YES;
				COPY_PHASE_STRIP = NO;
				DEBUG_INFORMATION_FORMAT = "dwarf-with-dsym";
				ENABLE_NS_ASSERTIONS = NO;
				ENABLE_STRICT_OBJC_MSGSEND = YES;
				ENABLE_USER_SCRIPT_SANDBOXING = YES;
				GCC_C_LANGUAGE_STANDARD = gnu17;
				GCC_NO_COMMON_BLOCKS = YES;
				GCC_WARN_64_TO_32_BIT_CONVERSION = YES;
				GCC_WARN_ABOUT_RETURN_TYPE = YES_ERROR;
				GCC_WARN_UNDECLARED_SELECTOR = YES;
				GCC_WARN_UNINITIALIZED_AUTOS = YES_AGGRESSIVE;
				GCC_WARN_UNUSED_FUNCTION = YES;
				GCC_WARN_UNUSED_VARIABLE = YES;
				IPHONEOS_DEPLOYMENT_TARGET = 17.2;
				LOCALIZATION_PREFERS_STRING_CATALOGS = YES;
				MTL_ENABLE_DEBUG_INFO = NO;
				MTL_FAST_MATH = YES;
				SDKROOT = iphoneos;
				SWIFT_COMPILATION_MODE = wholemodule;
				VALIDATE_PRODUCT = YES;
			};
			name = Release;
		};
		A280B0172BD554980013E0E7 /* Debug */ = {
			isa = XCBuildConfiguration;
			buildSettings = {
				ASSETCATALOG_COMPILER_APPICON_NAME = AppIcon;
				ASSETCATALOG_COMPILER_GLOBAL_ACCENT_COLOR_NAME = AccentColor;
				CODE_SIGN_STYLE = Automatic;
				CURRENT_PROJECT_VERSION = 1;
				DEVELOPMENT_ASSET_PATHS = "\"FinalProj/Preview Content\"";
				DEVELOPMENT_TEAM = FZ2X672MY6;
				ENABLE_PREVIEWS = YES;
				GENERATE_INFOPLIST_FILE = YES;
				INFOPLIST_KEY_NSMotionUsageDescription = "To help you exercise ";
				INFOPLIST_KEY_UIApplicationSceneManifest_Generation = YES;
				INFOPLIST_KEY_UIApplicationSupportsIndirectInputEvents = YES;
				INFOPLIST_KEY_UILaunchScreen_Generation = YES;
				INFOPLIST_KEY_UISupportedInterfaceOrientations_iPad = "UIInterfaceOrientationPortrait UIInterfaceOrientationPortraitUpsideDown UIInterfaceOrientationLandscapeLeft UIInterfaceOrientationLandscapeRight";
				INFOPLIST_KEY_UISupportedInterfaceOrientations_iPhone = "UIInterfaceOrientationPortrait UIInterfaceOrientationLandscapeLeft UIInterfaceOrientationLandscapeRight";
				LD_RUNPATH_SEARCH_PATHS = (
					"$(inherited)",
					"@executable_path/Frameworks",
				);
				MARKETING_VERSION = 1.0;
				PRODUCT_BUNDLE_IDENTIFIER = cis1951.FinalProj;
				PRODUCT_NAME = "$(TARGET_NAME)";
				SWIFT_EMIT_LOC_STRINGS = YES;
				SWIFT_VERSION = 5.0;
				TARGETED_DEVICE_FAMILY = "1,2";
			};
			name = Debug;
		};
		A280B0182BD554980013E0E7 /* Release */ = {
			isa = XCBuildConfiguration;
			buildSettings = {
				ASSETCATALOG_COMPILER_APPICON_NAME = AppIcon;
				ASSETCATALOG_COMPILER_GLOBAL_ACCENT_COLOR_NAME = AccentColor;
				CODE_SIGN_STYLE = Automatic;
				CURRENT_PROJECT_VERSION = 1;
				DEVELOPMENT_ASSET_PATHS = "\"FinalProj/Preview Content\"";
				DEVELOPMENT_TEAM = FZ2X672MY6;
				ENABLE_PREVIEWS = YES;
				GENERATE_INFOPLIST_FILE = YES;
				INFOPLIST_KEY_NSMotionUsageDescription = "To help you exercise ";
				INFOPLIST_KEY_UIApplicationSceneManifest_Generation = YES;
				INFOPLIST_KEY_UIApplicationSupportsIndirectInputEvents = YES;
				INFOPLIST_KEY_UILaunchScreen_Generation = YES;
				INFOPLIST_KEY_UISupportedInterfaceOrientations_iPad = "UIInterfaceOrientationPortrait UIInterfaceOrientationPortraitUpsideDown UIInterfaceOrientationLandscapeLeft UIInterfaceOrientationLandscapeRight";
				INFOPLIST_KEY_UISupportedInterfaceOrientations_iPhone = "UIInterfaceOrientationPortrait UIInterfaceOrientationLandscapeLeft UIInterfaceOrientationLandscapeRight";
				LD_RUNPATH_SEARCH_PATHS = (
					"$(inherited)",
					"@executable_path/Frameworks",
				);
				MARKETING_VERSION = 1.0;
				PRODUCT_BUNDLE_IDENTIFIER = cis1951.FinalProj;
				PRODUCT_NAME = "$(TARGET_NAME)";
				SWIFT_EMIT_LOC_STRINGS = YES;
				SWIFT_VERSION = 5.0;
				TARGETED_DEVICE_FAMILY = "1,2";
			};
			name = Release;
		};
		A280B01A2BD554980013E0E7 /* Debug */ = {
			isa = XCBuildConfiguration;
			buildSettings = {
				ALWAYS_EMBED_SWIFT_STANDARD_LIBRARIES = YES;
				BUNDLE_LOADER = "$(TEST_HOST)";
				CODE_SIGN_STYLE = Automatic;
				CURRENT_PROJECT_VERSION = 1;
				GENERATE_INFOPLIST_FILE = YES;
				IPHONEOS_DEPLOYMENT_TARGET = 17.2;
				MARKETING_VERSION = 1.0;
				PRODUCT_BUNDLE_IDENTIFIER = cis1951.FinalProjTests;
				PRODUCT_NAME = "$(TARGET_NAME)";
				SWIFT_EMIT_LOC_STRINGS = NO;
				SWIFT_VERSION = 5.0;
				TARGETED_DEVICE_FAMILY = "1,2";
				TEST_HOST = "$(BUILT_PRODUCTS_DIR)/FinalProj.app/$(BUNDLE_EXECUTABLE_FOLDER_PATH)/FinalProj";
			};
			name = Debug;
		};
		A280B01B2BD554980013E0E7 /* Release */ = {
			isa = XCBuildConfiguration;
			buildSettings = {
				ALWAYS_EMBED_SWIFT_STANDARD_LIBRARIES = YES;
				BUNDLE_LOADER = "$(TEST_HOST)";
				CODE_SIGN_STYLE = Automatic;
				CURRENT_PROJECT_VERSION = 1;
				GENERATE_INFOPLIST_FILE = YES;
				IPHONEOS_DEPLOYMENT_TARGET = 17.2;
				MARKETING_VERSION = 1.0;
				PRODUCT_BUNDLE_IDENTIFIER = cis1951.FinalProjTests;
				PRODUCT_NAME = "$(TARGET_NAME)";
				SWIFT_EMIT_LOC_STRINGS = NO;
				SWIFT_VERSION = 5.0;
				TARGETED_DEVICE_FAMILY = "1,2";
				TEST_HOST = "$(BUILT_PRODUCTS_DIR)/FinalProj.app/$(BUNDLE_EXECUTABLE_FOLDER_PATH)/FinalProj";
			};
			name = Release;
		};
		A280B01D2BD554980013E0E7 /* Debug */ = {
			isa = XCBuildConfiguration;
			buildSettings = {
				ALWAYS_EMBED_SWIFT_STANDARD_LIBRARIES = YES;
				CODE_SIGN_STYLE = Automatic;
				CURRENT_PROJECT_VERSION = 1;
				GENERATE_INFOPLIST_FILE = YES;
				MARKETING_VERSION = 1.0;
				PRODUCT_BUNDLE_IDENTIFIER = cis1951.FinalProjUITests;
				PRODUCT_NAME = "$(TARGET_NAME)";
				SWIFT_EMIT_LOC_STRINGS = NO;
				SWIFT_VERSION = 5.0;
				TARGETED_DEVICE_FAMILY = "1,2";
				TEST_TARGET_NAME = FinalProj;
			};
			name = Debug;
		};
		A280B01E2BD554980013E0E7 /* Release */ = {
			isa = XCBuildConfiguration;
			buildSettings = {
				ALWAYS_EMBED_SWIFT_STANDARD_LIBRARIES = YES;
				CODE_SIGN_STYLE = Automatic;
				CURRENT_PROJECT_VERSION = 1;
				GENERATE_INFOPLIST_FILE = YES;
				MARKETING_VERSION = 1.0;
				PRODUCT_BUNDLE_IDENTIFIER = cis1951.FinalProjUITests;
				PRODUCT_NAME = "$(TARGET_NAME)";
				SWIFT_EMIT_LOC_STRINGS = NO;
				SWIFT_VERSION = 5.0;
				TARGETED_DEVICE_FAMILY = "1,2";
				TEST_TARGET_NAME = FinalProj;
			};
			name = Release;
		};
/* End XCBuildConfiguration section */

/* Begin XCConfigurationList section */
		A280AFED2BD554960013E0E7 /* Build configuration list for PBXProject "FinalProj" */ = {
			isa = XCConfigurationList;
			buildConfigurations = (
				A280B0142BD554980013E0E7 /* Debug */,
				A280B0152BD554980013E0E7 /* Release */,
			);
			defaultConfigurationIsVisible = 0;
			defaultConfigurationName = Release;
		};
		A280B0162BD554980013E0E7 /* Build configuration list for PBXNativeTarget "FinalProj" */ = {
			isa = XCConfigurationList;
			buildConfigurations = (
				A280B0172BD554980013E0E7 /* Debug */,
				A280B0182BD554980013E0E7 /* Release */,
			);
			defaultConfigurationIsVisible = 0;
			defaultConfigurationName = Release;
		};
		A280B0192BD554980013E0E7 /* Build configuration list for PBXNativeTarget "FinalProjTests" */ = {
			isa = XCConfigurationList;
			buildConfigurations = (
				A280B01A2BD554980013E0E7 /* Debug */,
				A280B01B2BD554980013E0E7 /* Release */,
			);
			defaultConfigurationIsVisible = 0;
			defaultConfigurationName = Release;
		};
		A280B01C2BD554980013E0E7 /* Build configuration list for PBXNativeTarget "FinalProjUITests" */ = {
			isa = XCConfigurationList;
			buildConfigurations = (
				A280B01D2BD554980013E0E7 /* Debug */,
				A280B01E2BD554980013E0E7 /* Release */,
			);
			defaultConfigurationIsVisible = 0;
			defaultConfigurationName = Release;
		};
/* End XCConfigurationList section */

/* Begin XCVersionGroup section */
		A24142BD2BD99C360090AA2D /* ModelEmotions.xcdatamodeld */ = {
			isa = XCVersionGroup;
			children = (
				A24142BE2BD99C360090AA2D /* ModelEmotions.xcdatamodel */,
			);
			currentVersion = A24142BE2BD99C360090AA2D /* ModelEmotions.xcdatamodel */;
			path = ModelEmotions.xcdatamodeld;
			sourceTree = "<group>";
			versionGroupType = wrapper.xcdatamodel;
		};
/* End XCVersionGroup section */
	};
	rootObject = A280AFEA2BD554960013E0E7 /* Project object */;
}
